// !$*UTF8*$!
{
	archiveVersion = 1;
	classes = {
	};
	objectVersion = 56;
	objects = {

/* Begin PBXBuildFile section */
		4A513BF62BF1240800D35964 /* UnitTestingProjectApp.swift in Sources */ = {isa = PBXBuildFile; fileRef = 4A513BF52BF1240800D35964 /* UnitTestingProjectApp.swift */; };
		4A513BF82BF1240800D35964 /* ContentView.swift in Sources */ = {isa = PBXBuildFile; fileRef = 4A513BF72BF1240800D35964 /* ContentView.swift */; };
		4A513BFA2BF1240A00D35964 /* Assets.xcassets in Resources */ = {isa = PBXBuildFile; fileRef = 4A513BF92BF1240A00D35964 /* Assets.xcassets */; };
		4A513BFD2BF1240A00D35964 /* Preview Assets.xcassets in Resources */ = {isa = PBXBuildFile; fileRef = 4A513BFC2BF1240A00D35964 /* Preview Assets.xcassets */; };
		4A513C0A2BF1252700D35964 /* UnitTestingProjectTests.swift in Sources */ = {isa = PBXBuildFile; fileRef = 4A513C092BF1252700D35964 /* UnitTestingProjectTests.swift */; };
/* End PBXBuildFile section */

/* Begin PBXContainerItemProxy section */
		4A513C0B2BF1252700D35964 /* PBXContainerItemProxy */ = {
			isa = PBXContainerItemProxy;
			containerPortal = 4A513BEA2BF1240800D35964 /* Project object */;
			proxyType = 1;
			remoteGlobalIDString = 4A513BF12BF1240800D35964;
			remoteInfo = UnitTestingProject;
		};
/* End PBXContainerItemProxy section */

/* Begin PBXFileReference section */
		4A513BF22BF1240800D35964 /* UnitTestingProject.app */ = {isa = PBXFileReference; explicitFileType = wrapper.application; includeInIndex = 0; path = UnitTestingProject.app; sourceTree = BUILT_PRODUCTS_DIR; };
		4A513BF52BF1240800D35964 /* UnitTestingProjectApp.swift */ = {isa = PBXFileReference; lastKnownFileType = sourcecode.swift; path = UnitTestingProjectApp.swift; sourceTree = "<group>"; };
		4A513BF72BF1240800D35964 /* ContentView.swift */ = {isa = PBXFileReference; lastKnownFileType = sourcecode.swift; path = ContentView.swift; sourceTree = "<group>"; };
		4A513BF92BF1240A00D35964 /* Assets.xcassets */ = {isa = PBXFileReference; lastKnownFileType = folder.assetcatalog; path = Assets.xcassets; sourceTree = "<group>"; };
		4A513BFC2BF1240A00D35964 /* Preview Assets.xcassets */ = {isa = PBXFileReference; lastKnownFileType = folder.assetcatalog; path = "Preview Assets.xcassets"; sourceTree = "<group>"; };
		4A513C072BF1252700D35964 /* UnitTestingProjectTests.xctest */ = {isa = PBXFileReference; explicitFileType = wrapper.cfbundle; includeInIndex = 0; path = UnitTestingProjectTests.xctest; sourceTree = BUILT_PRODUCTS_DIR; };
		4A513C092BF1252700D35964 /* UnitTestingProjectTests.swift */ = {isa = PBXFileReference; lastKnownFileType = sourcecode.swift; path = UnitTestingProjectTests.swift; sourceTree = "<group>"; };
/* End PBXFileReference section */

/* Begin PBXFrameworksBuildPhase section */
		4A513BEF2BF1240800D35964 /* Frameworks */ = {
			isa = PBXFrameworksBuildPhase;
			buildActionMask = 2147483647;
			files = (
			);
			runOnlyForDeploymentPostprocessing = 0;
		};
		4A513C042BF1252700D35964 /* Frameworks */ = {
			isa = PBXFrameworksBuildPhase;
			buildActionMask = 2147483647;
			files = (
			);
			runOnlyForDeploymentPostprocessing = 0;
		};
/* End PBXFrameworksBuildPhase section */

/* Begin PBXGroup section */
		4A513BE92BF1240800D35964 = {
			isa = PBXGroup;
			children = (
				4A513BF42BF1240800D35964 /* UnitTestingProject */,
				4A513C082BF1252700D35964 /* UnitTestingProjectTests */,
				4A513BF32BF1240800D35964 /* Products */,
			);
			sourceTree = "<group>";
		};
		4A513BF32BF1240800D35964 /* Products */ = {
			isa = PBXGroup;
			children = (
				4A513BF22BF1240800D35964 /* UnitTestingProject.app */,
				4A513C072BF1252700D35964 /* UnitTestingProjectTests.xctest */,
			);
			name = Products;
			sourceTree = "<group>";
		};
		4A513BF42BF1240800D35964 /* UnitTestingProject */ = {
			isa = PBXGroup;
			children = (
				4A513BF52BF1240800D35964 /* UnitTestingProjectApp.swift */,
				4A513BF72BF1240800D35964 /* ContentView.swift */,
				4A513BF92BF1240A00D35964 /* Assets.xcassets */,
				4A513BFB2BF1240A00D35964 /* Preview Content */,
			);
			path = UnitTestingProject;
			sourceTree = "<group>";
		};
		4A513BFB2BF1240A00D35964 /* Preview Content */ = {
			isa = PBXGroup;
			children = (
				4A513BFC2BF1240A00D35964 /* Preview Assets.xcassets */,
			);
			path = "Preview Content";
			sourceTree = "<group>";
		};
		4A513C082BF1252700D35964 /* UnitTestingProjectTests */ = {
			isa = PBXGroup;
			children = (
				4A513C092BF1252700D35964 /* UnitTestingProjectTests.swift */,
			);
			path = UnitTestingProjectTests;
			sourceTree = "<group>";
		};
/* End PBXGroup section */

/* Begin PBXNativeTarget section */
		4A513BF12BF1240800D35964 /* UnitTestingProject */ = {
			isa = PBXNativeTarget;
			buildConfigurationList = 4A513C002BF1240A00D35964 /* Build configuration list for PBXNativeTarget "UnitTestingProject" */;
			buildPhases = (
				4A513BEE2BF1240800D35964 /* Sources */,
				4A513BEF2BF1240800D35964 /* Frameworks */,
				4A513BF02BF1240800D35964 /* Resources */,
			);
			buildRules = (
			);
			dependencies = (
			);
			name = UnitTestingProject;
			productName = UnitTestingProject;
			productReference = 4A513BF22BF1240800D35964 /* UnitTestingProject.app */;
			productType = "com.apple.product-type.application";
		};
		4A513C062BF1252700D35964 /* UnitTestingProjectTests */ = {
			isa = PBXNativeTarget;
			buildConfigurationList = 4A513C0D2BF1252700D35964 /* Build configuration list for PBXNativeTarget "UnitTestingProjectTests" */;
			buildPhases = (
				4A513C032BF1252700D35964 /* Sources */,
				4A513C042BF1252700D35964 /* Frameworks */,
				4A513C052BF1252700D35964 /* Resources */,
			);
			buildRules = (
			);
			dependencies = (
				4A513C0C2BF1252700D35964 /* PBXTargetDependency */,
			);
			name = UnitTestingProjectTests;
			productName = UnitTestingProjectTests;
			productReference = 4A513C072BF1252700D35964 /* UnitTestingProjectTests.xctest */;
			productType = "com.apple.product-type.bundle.unit-test";
		};
/* End PBXNativeTarget section */

/* Begin PBXProject section */
		4A513BEA2BF1240800D35964 /* Project object */ = {
			isa = PBXProject;
			attributes = {
				BuildIndependentTargetsInParallel = 1;
				LastSwiftUpdateCheck = 1530;
				LastUpgradeCheck = 1530;
				TargetAttributes = {
					4A513BF12BF1240800D35964 = {
						CreatedOnToolsVersion = 15.3;
					};
					4A513C062BF1252700D35964 = {
						CreatedOnToolsVersion = 15.3;
						TestTargetID = 4A513BF12BF1240800D35964;
					};
				};
			};
			buildConfigurationList = 4A513BED2BF1240800D35964 /* Build configuration list for PBXProject "UnitTestingProject" */;
			compatibilityVersion = "Xcode 14.0";
			developmentRegion = en;
			hasScannedForEncodings = 0;
			knownRegions = (
				en,
				Base,
			);
			mainGroup = 4A513BE92BF1240800D35964;
			productRefGroup = 4A513BF32BF1240800D35964 /* Products */;
			projectDirPath = "";
			projectRoot = "";
			targets = (
				4A513BF12BF1240800D35964 /* UnitTestingProject */,
				4A513C062BF1252700D35964 /* UnitTestingProjectTests */,
			);
		};
/* End PBXProject section */

/* Begin PBXResourcesBuildPhase section */
		4A513BF02BF1240800D35964 /* Resources */ = {
			isa = PBXResourcesBuildPhase;
			buildActionMask = 2147483647;
			files = (
				4A513BFD2BF1240A00D35964 /* Preview Assets.xcassets in Resources */,
				4A513BFA2BF1240A00D35964 /* Assets.xcassets in Resources */,
			);
			runOnlyForDeploymentPostprocessing = 0;
		};
		4A513C052BF1252700D35964 /* Resources */ = {
			isa = PBXResourcesBuildPhase;
			buildActionMask = 2147483647;
			files = (
			);
			runOnlyForDeploymentPostprocessing = 0;
		};
/* End PBXResourcesBuildPhase section */

/* Begin PBXSourcesBuildPhase section */
		4A513BEE2BF1240800D35964 /* Sources */ = {
			isa = PBXSourcesBuildPhase;
			buildActionMask = 2147483647;
			files = (
				4A513BF82BF1240800D35964 /* ContentView.swift in Sources */,
				4A513BF62BF1240800D35964 /* UnitTestingProjectApp.swift in Sources */,
			);
			runOnlyForDeploymentPostprocessing = 0;
		};
		4A513C032BF1252700D35964 /* Sources */ = {
			isa = PBXSourcesBuildPhase;
			buildActionMask = 2147483647;
			files = (
				4A513C0A2BF1252700D35964 /* UnitTestingProjectTests.swift in Sources */,
			);
			runOnlyForDeploymentPostprocessing = 0;
		};
/* End PBXSourcesBuildPhase section */

/* Begin PBXTargetDependency section */
		4A513C0C2BF1252700D35964 /* PBXTargetDependency */ = {
			isa = PBXTargetDependency;
			target = 4A513BF12BF1240800D35964 /* UnitTestingProject */;
			targetProxy = 4A513C0B2BF1252700D35964 /* PBXContainerItemProxy */;
		};
/* End PBXTargetDependency section */

/* Begin XCBuildConfiguration section */
		4A513BFE2BF1240A00D35964 /* Debug */ = {
			isa = XCBuildConfiguration;
			buildSettings = {
				ALWAYS_SEARCH_USER_PATHS = NO;
				ASSETCATALOG_COMPILER_GENERATE_SWIFT_ASSET_SYMBOL_EXTENSIONS = YES;
				CLANG_ANALYZER_NONNULL = YES;
				CLANG_ANALYZER_NUMBER_OBJECT_CONVERSION = YES_AGGRESSIVE;
				CLANG_CXX_LANGUAGE_STANDARD = "gnu++20";
				CLANG_ENABLE_MODULES = YES;
				CLANG_ENABLE_OBJC_ARC = YES;
				CLANG_ENABLE_OBJC_WEAK = YES;
				CLANG_WARN_BLOCK_CAPTURE_AUTORELEASING = YES;
				CLANG_WARN_BOOL_CONVERSION = YES;
				CLANG_WARN_COMMA = YES;
				CLANG_WARN_CONSTANT_CONVERSION = YES;
				CLANG_WARN_DEPRECATED_OBJC_IMPLEMENTATIONS = YES;
				CLANG_WARN_DIRECT_OBJC_ISA_USAGE = YES_ERROR;
				CLANG_WARN_DOCUMENTATION_COMMENTS = YES;
				CLANG_WARN_EMPTY_BODY = YES;
				CLANG_WARN_ENUM_CONVERSION = YES;
				CLANG_WARN_INFINITE_RECURSION = YES;
				CLANG_WARN_INT_CONVERSION = YES;
				CLANG_WARN_NON_LITERAL_NULL_CONVERSION = YES;
				CLANG_WARN_OBJC_IMPLICIT_RETAIN_SELF = YES;
				CLANG_WARN_OBJC_LITERAL_CONVERSION = YES;
				CLANG_WARN_OBJC_ROOT_CLASS = YES_ERROR;
				CLANG_WARN_QUOTED_INCLUDE_IN_FRAMEWORK_HEADER = YES;
				CLANG_WARN_RANGE_LOOP_ANALYSIS = YES;
				CLANG_WARN_STRICT_PROTOTYPES = YES;
				CLANG_WARN_SUSPICIOUS_MOVE = YES;
				CLANG_WARN_UNGUARDED_AVAILABILITY = YES_AGGRESSIVE;
				CLANG_WARN_UNREACHABLE_CODE = YES;
				CLANG_WARN__DUPLICATE_METHOD_MATCH = YES;
				COPY_PHASE_STRIP = NO;
				DEBUG_INFORMATION_FORMAT = dwarf;
				ENABLE_STRICT_OBJC_MSGSEND = YES;
				ENABLE_TESTABILITY = YES;
				ENABLE_USER_SCRIPT_SANDBOXING = YES;
				GCC_C_LANGUAGE_STANDARD = gnu17;
				GCC_DYNAMIC_NO_PIC = NO;
				GCC_NO_COMMON_BLOCKS = YES;
				GCC_OPTIMIZATION_LEVEL = 0;
				GCC_PREPROCESSOR_DEFINITIONS = (
					"DEBUG=1",
					"$(inherited)",
				);
				GCC_WARN_64_TO_32_BIT_CONVERSION = YES;
				GCC_WARN_ABOUT_RETURN_TYPE = YES_ERROR;
				GCC_WARN_UNDECLARED_SELECTOR = YES;
				GCC_WARN_UNINITIALIZED_AUTOS = YES_AGGRESSIVE;
				GCC_WARN_UNUSED_FUNCTION = YES;
				GCC_WARN_UNUSED_VARIABLE = YES;
				IPHONEOS_DEPLOYMENT_TARGET = 17.4;
				LOCALIZATION_PREFERS_STRING_CATALOGS = YES;
				MTL_ENABLE_DEBUG_INFO = INCLUDE_SOURCE;
				MTL_FAST_MATH = YES;
				ONLY_ACTIVE_ARCH = YES;
				SDKROOT = iphoneos;
				SWIFT_ACTIVE_COMPILATION_CONDITIONS = "DEBUG $(inherited)";
				SWIFT_OPTIMIZATION_LEVEL = "-Onone";
			};
			name = Debug;
		};
		4A513BFF2BF1240A00D35964 /* Release */ = {
			isa = XCBuildConfiguration;
			buildSettings = {
				ALWAYS_SEARCH_USER_PATHS = NO;
				ASSETCATALOG_COMPILER_GENERATE_SWIFT_ASSET_SYMBOL_EXTENSIONS = YES;
				CLANG_ANALYZER_NONNULL = YES;
				CLANG_ANALYZER_NUMBER_OBJECT_CONVERSION = YES_AGGRESSIVE;
				CLANG_CXX_LANGUAGE_STANDARD = "gnu++20";
				CLANG_ENABLE_MODULES = YES;
				CLANG_ENABLE_OBJC_ARC = YES;
				CLANG_ENABLE_OBJC_WEAK = YES;
				CLANG_WARN_BLOCK_CAPTURE_AUTORELEASING = YES;
				CLANG_WARN_BOOL_CONVERSION = YES;
				CLANG_WARN_COMMA = YES;
				CLANG_WARN_CONSTANT_CONVERSION = YES;
				CLANG_WARN_DEPRECATED_OBJC_IMPLEMENTATIONS = YES;
				CLANG_WARN_DIRECT_OBJC_ISA_USAGE = YES_ERROR;
				CLANG_WARN_DOCUMENTATION_COMMENTS = YES;
				CLANG_WARN_EMPTY_BODY = YES;
				CLANG_WARN_ENUM_CONVERSION = YES;
				CLANG_WARN_INFINITE_RECURSION = YES;
				CLANG_WARN_INT_CONVERSION = YES;
				CLANG_WARN_NON_LITERAL_NULL_CONVERSION = YES;
				CLANG_WARN_OBJC_IMPLICIT_RETAIN_SELF = YES;
				CLANG_WARN_OBJC_LITERAL_CONVERSION = YES;
				CLANG_WARN_OBJC_ROOT_CLASS = YES_ERROR;
				CLANG_WARN_QUOTED_INCLUDE_IN_FRAMEWORK_HEADER = YES;
				CLANG_WARN_RANGE_LOOP_ANALYSIS = YES;
				CLANG_WARN_STRICT_PROTOTYPES = YES;
				CLANG_WARN_SUSPICIOUS_MOVE = YES;
				CLANG_WARN_UNGUARDED_AVAILABILITY = YES_AGGRESSIVE;
				CLANG_WARN_UNREACHABLE_CODE = YES;
				CLANG_WARN__DUPLICATE_METHOD_MATCH = YES;
				COPY_PHASE_STRIP = NO;
				DEBUG_INFORMATION_FORMAT = "dwarf-with-dsym";
				ENABLE_NS_ASSERTIONS = NO;
				ENABLE_STRICT_OBJC_MSGSEND = YES;
				ENABLE_USER_SCRIPT_SANDBOXING = YES;
				GCC_C_LANGUAGE_STANDARD = gnu17;
				GCC_NO_COMMON_BLOCKS = YES;
				GCC_WARN_64_TO_32_BIT_CONVERSION = YES;
				GCC_WARN_ABOUT_RETURN_TYPE = YES_ERROR;
				GCC_WARN_UNDECLARED_SELECTOR = YES;
				GCC_WARN_UNINITIALIZED_AUTOS = YES_AGGRESSIVE;
				GCC_WARN_UNUSED_FUNCTION = YES;
				GCC_WARN_UNUSED_VARIABLE = YES;
				IPHONEOS_DEPLOYMENT_TARGET = 17.4;
				LOCALIZATION_PREFERS_STRING_CATALOGS = YES;
				MTL_ENABLE_DEBUG_INFO = NO;
				MTL_FAST_MATH = YES;
				SDKROOT = iphoneos;
				SWIFT_COMPILATION_MODE = wholemodule;
				VALIDATE_PRODUCT = YES;
			};
			name = Release;
		};
		4A513C012BF1240A00D35964 /* Debug */ = {
			isa = XCBuildConfiguration;
			buildSettings = {
				ASSETCATALOG_COMPILER_APPICON_NAME = AppIcon;
				ASSETCATALOG_COMPILER_GLOBAL_ACCENT_COLOR_NAME = AccentColor;
				CODE_SIGN_STYLE = Automatic;
				CURRENT_PROJECT_VERSION = 1;
				DEVELOPMENT_ASSET_PATHS = "\"UnitTestingProject/Preview Content\"";
				ENABLE_PREVIEWS = YES;
				GENERATE_INFOPLIST_FILE = YES;
				INFOPLIST_KEY_UIApplicationSceneManifest_Generation = YES;
				INFOPLIST_KEY_UIApplicationSupportsIndirectInputEvents = YES;
				INFOPLIST_KEY_UILaunchScreen_Generation = YES;
				INFOPLIST_KEY_UISupportedInterfaceOrientations_iPad = "UIInterfaceOrientationPortrait UIInterfaceOrientationPortraitUpsideDown UIInterfaceOrientationLandscapeLeft UIInterfaceOrientationLandscapeRight";
				INFOPLIST_KEY_UISupportedInterfaceOrientations_iPhone = "UIInterfaceOrientationPortrait UIInterfaceOrientationLandscapeLeft UIInterfaceOrientationLandscapeRight";
				LD_RUNPATH_SEARCH_PATHS = (
					"$(inherited)",
					"@executable_path/Frameworks",
				);
				MARKETING_VERSION = 1.0;
				PRODUCT_BUNDLE_IDENTIFIER = com.heejin.UnitTestingProject;
				PRODUCT_NAME = "$(TARGET_NAME)";
				SWIFT_EMIT_LOC_STRINGS = YES;
				SWIFT_VERSION = 5.0;
				TARGETED_DEVICE_FAMILY = "1,2";
			};
			name = Debug;
		};
		4A513C022BF1240A00D35964 /* Release */ = {
			isa = XCBuildConfiguration;
			buildSettings = {
				ASSETCATALOG_COMPILER_APPICON_NAME = AppIcon;
				ASSETCATALOG_COMPILER_GLOBAL_ACCENT_COLOR_NAME = AccentColor;
				CODE_SIGN_STYLE = Automatic;
				CURRENT_PROJECT_VERSION = 1;
				DEVELOPMENT_ASSET_PATHS = "\"UnitTestingProject/Preview Content\"";
				ENABLE_PREVIEWS = YES;
				GENERATE_INFOPLIST_FILE = YES;
				INFOPLIST_KEY_UIApplicationSceneManifest_Generation = YES;
				INFOPLIST_KEY_UIApplicationSupportsIndirectInputEvents = YES;
				INFOPLIST_KEY_UILaunchScreen_Generation = YES;
				INFOPLIST_KEY_UISupportedInterfaceOrientations_iPad = "UIInterfaceOrientationPortrait UIInterfaceOrientationPortraitUpsideDown UIInterfaceOrientationLandscapeLeft UIInterfaceOrientationLandscapeRight";
				INFOPLIST_KEY_UISupportedInterfaceOrientations_iPhone = "UIInterfaceOrientationPortrait UIInterfaceOrientationLandscapeLeft UIInterfaceOrientationLandscapeRight";
				LD_RUNPATH_SEARCH_PATHS = (
					"$(inherited)",
					"@executable_path/Frameworks",
				);
				MARKETING_VERSION = 1.0;
				PRODUCT_BUNDLE_IDENTIFIER = com.heejin.UnitTestingProject;
				PRODUCT_NAME = "$(TARGET_NAME)";
				SWIFT_EMIT_LOC_STRINGS = YES;
				SWIFT_VERSION = 5.0;
				TARGETED_DEVICE_FAMILY = "1,2";
			};
			name = Release;
		};
		4A513C0E2BF1252700D35964 /* Debug */ = {
			isa = XCBuildConfiguration;
			buildSettings = {
				BUNDLE_LOADER = "$(TEST_HOST)";
				CODE_SIGN_STYLE = Automatic;
				CURRENT_PROJECT_VERSION = 1;
				GENERATE_INFOPLIST_FILE = YES;
				IPHONEOS_DEPLOYMENT_TARGET = 17.4;
				MACOSX_DEPLOYMENT_TARGET = 14.3;
				MARKETING_VERSION = 1.0;
				PRODUCT_BUNDLE_IDENTIFIER = com.heejin.UnitTestingProjectTests;
				PRODUCT_NAME = "$(TARGET_NAME)";
				SDKROOT = auto;
				SUPPORTED_PLATFORMS = "iphoneos iphonesimulator macosx";
				SWIFT_EMIT_LOC_STRINGS = NO;
				SWIFT_VERSION = 5.0;
				TARGETED_DEVICE_FAMILY = "1,2";
				TEST_HOST = "$(BUILT_PRODUCTS_DIR)/UnitTestingProject.app/$(BUNDLE_EXECUTABLE_FOLDER_PATH)/UnitTestingProject";
			};
			name = Debug;
		};
		4A513C0F2BF1252700D35964 /* Release */ = {
			isa = XCBuildConfiguration;
			buildSettings = {
				BUNDLE_LOADER = "$(TEST_HOST)";
				CODE_SIGN_STYLE = Automatic;
				CURRENT_PROJECT_VERSION = 1;
				GENERATE_INFOPLIST_FILE = YES;
				IPHONEOS_DEPLOYMENT_TARGET = 17.4;
				MACOSX_DEPLOYMENT_TARGET = 14.3;
				MARKETING_VERSION = 1.0;
				PRODUCT_BUNDLE_IDENTIFIER = com.heejin.UnitTestingProjectTests;
				PRODUCT_NAME = "$(TARGET_NAME)";
				SDKROOT = auto;
				SUPPORTED_PLATFORMS = "iphoneos iphonesimulator macosx";
				SWIFT_EMIT_LOC_STRINGS = NO;
				SWIFT_VERSION = 5.0;
				TARGETED_DEVICE_FAMILY = "1,2";
				TEST_HOST = "$(BUILT_PRODUCTS_DIR)/UnitTestingProject.app/$(BUNDLE_EXECUTABLE_FOLDER_PATH)/UnitTestingProject";
			};
			name = Release;
		};
/* End XCBuildConfiguration section */

/* Begin XCConfigurationList section */
		4A513BED2BF1240800D35964 /* Build configuration list for PBXProject "UnitTestingProject" */ = {
			isa = XCConfigurationList;
			buildConfigurations = (
				4A513BFE2BF1240A00D35964 /* Debug */,
				4A513BFF2BF1240A00D35964 /* Release */,
			);
			defaultConfigurationIsVisible = 0;
			defaultConfigurationName = Release;
		};
		4A513C002BF1240A00D35964 /* Build configuration list for PBXNativeTarget "UnitTestingProject" */ = {
			isa = XCConfigurationList;
			buildConfigurations = (
				4A513C012BF1240A00D35964 /* Debug */,
				4A513C022BF1240A00D35964 /* Release */,
			);
			defaultConfigurationIsVisible = 0;
			defaultConfigurationName = Release;
		};
		4A513C0D2BF1252700D35964 /* Build configuration list for PBXNativeTarget "UnitTestingProjectTests" */ = {
			isa = XCConfigurationList;
			buildConfigurations = (
				4A513C0E2BF1252700D35964 /* Debug */,
				4A513C0F2BF1252700D35964 /* Release */,
			);
			defaultConfigurationIsVisible = 0;
			defaultConfigurationName = Release;
		};
/* End XCConfigurationList section */
	};
	rootObject = 4A513BEA2BF1240800D35964 /* Project object */;
}
