// !$*UTF8*$!
{
	archiveVersion = 1;
	classes = {
	};
	objectVersion = 56;
	objects = {

/* Begin PBXBuildFile section */
		1A1D5F31BAC4D254457E26E7 /* Pods_SearchCollectionView.framework in Frameworks */ = {isa = PBXBuildFile; fileRef = 72297351B68561666A454EAF /* Pods_SearchCollectionView.framework */; };
		4A95095F2AF7DFA900EA7A01 /* AppDelegate.swift in Sources */ = {isa = PBXBuildFile; fileRef = 4A95095E2AF7DFA900EA7A01 /* AppDelegate.swift */; };
		4A9509612AF7DFA900EA7A01 /* SceneDelegate.swift in Sources */ = {isa = PBXBuildFile; fileRef = 4A9509602AF7DFA900EA7A01 /* SceneDelegate.swift */; };
		4A9509632AF7DFA900EA7A01 /* CollectionViewMain.swift in Sources */ = {isa = PBXBuildFile; fileRef = 4A9509622AF7DFA900EA7A01 /* CollectionViewMain.swift */; };
		4A9509682AF7DFAA00EA7A01 /* Assets.xcassets in Resources */ = {isa = PBXBuildFile; fileRef = 4A9509672AF7DFAA00EA7A01 /* Assets.xcassets */; };
		4A95096B2AF7DFAA00EA7A01 /* LaunchScreen.storyboard in Resources */ = {isa = PBXBuildFile; fileRef = 4A9509692AF7DFAA00EA7A01 /* LaunchScreen.storyboard */; };
		4A9509732AF7EB1200EA7A01 /* CollectionViewMainCell.swift in Sources */ = {isa = PBXBuildFile; fileRef = 4A9509722AF7EB1200EA7A01 /* CollectionViewMainCell.swift */; };
		4A9509752AF7EC4400EA7A01 /* ImageData.swift in Sources */ = {isa = PBXBuildFile; fileRef = 4A9509742AF7EC4400EA7A01 /* ImageData.swift */; };
		4A9509772AF7F9C300EA7A01 /* CollectionViewHeader.swift in Sources */ = {isa = PBXBuildFile; fileRef = 4A9509762AF7F9C300EA7A01 /* CollectionViewHeader.swift */; };
/* End PBXBuildFile section */

/* Begin PBXFileReference section */
		4A95095B2AF7DFA900EA7A01 /* SearchCollectionView.app */ = {isa = PBXFileReference; explicitFileType = wrapper.application; includeInIndex = 0; path = SearchCollectionView.app; sourceTree = BUILT_PRODUCTS_DIR; };
		4A95095E2AF7DFA900EA7A01 /* AppDelegate.swift */ = {isa = PBXFileReference; lastKnownFileType = sourcecode.swift; path = AppDelegate.swift; sourceTree = "<group>"; };
		4A9509602AF7DFA900EA7A01 /* SceneDelegate.swift */ = {isa = PBXFileReference; lastKnownFileType = sourcecode.swift; path = SceneDelegate.swift; sourceTree = "<group>"; };
		4A9509622AF7DFA900EA7A01 /* CollectionViewMain.swift */ = {isa = PBXFileReference; lastKnownFileType = sourcecode.swift; path = CollectionViewMain.swift; sourceTree = "<group>"; };
		4A9509672AF7DFAA00EA7A01 /* Assets.xcassets */ = {isa = PBXFileReference; lastKnownFileType = folder.assetcatalog; path = Assets.xcassets; sourceTree = "<group>"; };
		4A95096A2AF7DFAA00EA7A01 /* Base */ = {isa = PBXFileReference; lastKnownFileType = file.storyboard; name = Base; path = Base.lproj/LaunchScreen.storyboard; sourceTree = "<group>"; };
		4A95096C2AF7DFAA00EA7A01 /* Info.plist */ = {isa = PBXFileReference; lastKnownFileType = text.plist.xml; path = Info.plist; sourceTree = "<group>"; };
		4A9509722AF7EB1200EA7A01 /* CollectionViewMainCell.swift */ = {isa = PBXFileReference; lastKnownFileType = sourcecode.swift; path = CollectionViewMainCell.swift; sourceTree = "<group>"; };
		4A9509742AF7EC4400EA7A01 /* ImageData.swift */ = {isa = PBXFileReference; lastKnownFileType = sourcecode.swift; path = ImageData.swift; sourceTree = "<group>"; };
		4A9509762AF7F9C300EA7A01 /* CollectionViewHeader.swift */ = {isa = PBXFileReference; lastKnownFileType = sourcecode.swift; path = CollectionViewHeader.swift; sourceTree = "<group>"; };
		6EB34D91A5EC17A7BB1C6D91 /* Pods-SearchCollectionView.release.xcconfig */ = {isa = PBXFileReference; includeInIndex = 1; lastKnownFileType = text.xcconfig; name = "Pods-SearchCollectionView.release.xcconfig"; path = "Target Support Files/Pods-SearchCollectionView/Pods-SearchCollectionView.release.xcconfig"; sourceTree = "<group>"; };
		72297351B68561666A454EAF /* Pods_SearchCollectionView.framework */ = {isa = PBXFileReference; explicitFileType = wrapper.framework; includeInIndex = 0; path = Pods_SearchCollectionView.framework; sourceTree = BUILT_PRODUCTS_DIR; };
		8F0C177376599BAADB9ABF6D /* Pods-SearchCollectionView.debug.xcconfig */ = {isa = PBXFileReference; includeInIndex = 1; lastKnownFileType = text.xcconfig; name = "Pods-SearchCollectionView.debug.xcconfig"; path = "Target Support Files/Pods-SearchCollectionView/Pods-SearchCollectionView.debug.xcconfig"; sourceTree = "<group>"; };
/* End PBXFileReference section */

/* Begin PBXFrameworksBuildPhase section */
		4A9509582AF7DFA900EA7A01 /* Frameworks */ = {
			isa = PBXFrameworksBuildPhase;
			buildActionMask = 2147483647;
			files = (
				1A1D5F31BAC4D254457E26E7 /* Pods_SearchCollectionView.framework in Frameworks */,
			);
			runOnlyForDeploymentPostprocessing = 0;
		};
/* End PBXFrameworksBuildPhase section */

/* Begin PBXGroup section */
		4A9509522AF7DFA900EA7A01 = {
			isa = PBXGroup;
			children = (
				4A95095D2AF7DFA900EA7A01 /* SearchCollectionView */,
				4A95095C2AF7DFA900EA7A01 /* Products */,
				E3693E81EFB29CF103C367CB /* Pods */,
				ABEF42AA1EEBF34008730490 /* Frameworks */,
			);
			sourceTree = "<group>";
		};
		4A95095C2AF7DFA900EA7A01 /* Products */ = {
			isa = PBXGroup;
			children = (
				4A95095B2AF7DFA900EA7A01 /* SearchCollectionView.app */,
			);
			name = Products;
			sourceTree = "<group>";
		};
		4A95095D2AF7DFA900EA7A01 /* SearchCollectionView */ = {
			isa = PBXGroup;
			children = (
				4AAA21B02B01438F007839C7 /* Model */,
				4AAA21AF2B014386007839C7 /* ViewController */,
				4AAA21AE2B01437F007839C7 /* View */,
				4A95095E2AF7DFA900EA7A01 /* AppDelegate.swift */,
				4A9509602AF7DFA900EA7A01 /* SceneDelegate.swift */,
				4A9509672AF7DFAA00EA7A01 /* Assets.xcassets */,
				4A9509692AF7DFAA00EA7A01 /* LaunchScreen.storyboard */,
				4A95096C2AF7DFAA00EA7A01 /* Info.plist */,
			);
			path = SearchCollectionView;
			sourceTree = "<group>";
		};
		4AAA21AE2B01437F007839C7 /* View */ = {
			isa = PBXGroup;
			children = (
				4A9509762AF7F9C300EA7A01 /* CollectionViewHeader.swift */,
				4A9509722AF7EB1200EA7A01 /* CollectionViewMainCell.swift */,
			);
			path = View;
			sourceTree = "<group>";
		};
		4AAA21AF2B014386007839C7 /* ViewController */ = {
			isa = PBXGroup;
			children = (
				4A9509622AF7DFA900EA7A01 /* CollectionViewMain.swift */,
			);
			path = ViewController;
			sourceTree = "<group>";
		};
		4AAA21B02B01438F007839C7 /* Model */ = {
			isa = PBXGroup;
			children = (
				4A9509742AF7EC4400EA7A01 /* ImageData.swift */,
			);
			path = Model;
			sourceTree = "<group>";
		};
		ABEF42AA1EEBF34008730490 /* Frameworks */ = {
			isa = PBXGroup;
			children = (
				72297351B68561666A454EAF /* Pods_SearchCollectionView.framework */,
			);
			name = Frameworks;
			sourceTree = "<group>";
		};
		E3693E81EFB29CF103C367CB /* Pods */ = {
			isa = PBXGroup;
			children = (
				8F0C177376599BAADB9ABF6D /* Pods-SearchCollectionView.debug.xcconfig */,
				6EB34D91A5EC17A7BB1C6D91 /* Pods-SearchCollectionView.release.xcconfig */,
			);
			path = Pods;
			sourceTree = "<group>";
		};
/* End PBXGroup section */

/* Begin PBXNativeTarget section */
		4A95095A2AF7DFA900EA7A01 /* SearchCollectionView */ = {
			isa = PBXNativeTarget;
			buildConfigurationList = 4A95096F2AF7DFAA00EA7A01 /* Build configuration list for PBXNativeTarget "SearchCollectionView" */;
			buildPhases = (
				62660865EA9ED6864B78BE5D /* [CP] Check Pods Manifest.lock */,
				4A9509572AF7DFA900EA7A01 /* Sources */,
				4A9509582AF7DFA900EA7A01 /* Frameworks */,
				4A9509592AF7DFA900EA7A01 /* Resources */,
				66DC013B8102D1F4DFF0E1C2 /* [CP] Embed Pods Frameworks */,
			);
			buildRules = (
			);
			dependencies = (
			);
			name = SearchCollectionView;
			productName = SearchCollectionView;
			productReference = 4A95095B2AF7DFA900EA7A01 /* SearchCollectionView.app */;
			productType = "com.apple.product-type.application";
		};
/* End PBXNativeTarget section */

/* Begin PBXProject section */
		4A9509532AF7DFA900EA7A01 /* Project object */ = {
			isa = PBXProject;
			attributes = {
				BuildIndependentTargetsInParallel = 1;
				LastSwiftUpdateCheck = 1420;
				LastUpgradeCheck = 1420;
				TargetAttributes = {
					4A95095A2AF7DFA900EA7A01 = {
						CreatedOnToolsVersion = 14.2;
					};
				};
			};
			buildConfigurationList = 4A9509562AF7DFA900EA7A01 /* Build configuration list for PBXProject "SearchCollectionView" */;
			compatibilityVersion = "Xcode 14.0";
			developmentRegion = en;
			hasScannedForEncodings = 0;
			knownRegions = (
				en,
				Base,
			);
			mainGroup = 4A9509522AF7DFA900EA7A01;
			productRefGroup = 4A95095C2AF7DFA900EA7A01 /* Products */;
			projectDirPath = "";
			projectRoot = "";
			targets = (
				4A95095A2AF7DFA900EA7A01 /* SearchCollectionView */,
			);
		};
/* End PBXProject section */

/* Begin PBXResourcesBuildPhase section */
		4A9509592AF7DFA900EA7A01 /* Resources */ = {
			isa = PBXResourcesBuildPhase;
			buildActionMask = 2147483647;
			files = (
				4A95096B2AF7DFAA00EA7A01 /* LaunchScreen.storyboard in Resources */,
				4A9509682AF7DFAA00EA7A01 /* Assets.xcassets in Resources */,
			);
			runOnlyForDeploymentPostprocessing = 0;
		};
/* End PBXResourcesBuildPhase section */

/* Begin PBXShellScriptBuildPhase section */
		62660865EA9ED6864B78BE5D /* [CP] Check Pods Manifest.lock */ = {
			isa = PBXShellScriptBuildPhase;
			buildActionMask = 2147483647;
			files = (
			);
			inputFileListPaths = (
			);
			inputPaths = (
				"${PODS_PODFILE_DIR_PATH}/Podfile.lock",
				"${PODS_ROOT}/Manifest.lock",
			);
			name = "[CP] Check Pods Manifest.lock";
			outputFileListPaths = (
			);
			outputPaths = (
				"$(DERIVED_FILE_DIR)/Pods-SearchCollectionView-checkManifestLockResult.txt",
			);
			runOnlyForDeploymentPostprocessing = 0;
			shellPath = /bin/sh;
			shellScript = "diff \"${PODS_PODFILE_DIR_PATH}/Podfile.lock\" \"${PODS_ROOT}/Manifest.lock\" > /dev/null\nif [ $? != 0 ] ; then\n    # print error to STDERR\n    echo \"error: The sandbox is not in sync with the Podfile.lock. Run 'pod install' or update your CocoaPods installation.\" >&2\n    exit 1\nfi\n# This output is used by Xcode 'outputs' to avoid re-running this script phase.\necho \"SUCCESS\" > \"${SCRIPT_OUTPUT_FILE_0}\"\n";
			showEnvVarsInLog = 0;
		};
		66DC013B8102D1F4DFF0E1C2 /* [CP] Embed Pods Frameworks */ = {
			isa = PBXShellScriptBuildPhase;
			buildActionMask = 2147483647;
			files = (
			);
			inputFileListPaths = (
				"${PODS_ROOT}/Target Support Files/Pods-SearchCollectionView/Pods-SearchCollectionView-frameworks-${CONFIGURATION}-input-files.xcfilelist",
			);
			name = "[CP] Embed Pods Frameworks";
			outputFileListPaths = (
				"${PODS_ROOT}/Target Support Files/Pods-SearchCollectionView/Pods-SearchCollectionView-frameworks-${CONFIGURATION}-output-files.xcfilelist",
			);
			runOnlyForDeploymentPostprocessing = 0;
			shellPath = /bin/sh;
			shellScript = "\"${PODS_ROOT}/Target Support Files/Pods-SearchCollectionView/Pods-SearchCollectionView-frameworks.sh\"\n";
			showEnvVarsInLog = 0;
		};
/* End PBXShellScriptBuildPhase section */

/* Begin PBXSourcesBuildPhase section */
		4A9509572AF7DFA900EA7A01 /* Sources */ = {
			isa = PBXSourcesBuildPhase;
			buildActionMask = 2147483647;
			files = (
				4A9509632AF7DFA900EA7A01 /* CollectionViewMain.swift in Sources */,
				4A9509772AF7F9C300EA7A01 /* CollectionViewHeader.swift in Sources */,
				4A95095F2AF7DFA900EA7A01 /* AppDelegate.swift in Sources */,
				4A9509612AF7DFA900EA7A01 /* SceneDelegate.swift in Sources */,
				4A9509752AF7EC4400EA7A01 /* ImageData.swift in Sources */,
				4A9509732AF7EB1200EA7A01 /* CollectionViewMainCell.swift in Sources */,
			);
			runOnlyForDeploymentPostprocessing = 0;
		};
/* End PBXSourcesBuildPhase section */

/* Begin PBXVariantGroup section */
		4A9509692AF7DFAA00EA7A01 /* LaunchScreen.storyboard */ = {
			isa = PBXVariantGroup;
			children = (
				4A95096A2AF7DFAA00EA7A01 /* Base */,
			);
			name = LaunchScreen.storyboard;
			sourceTree = "<group>";
		};
/* End PBXVariantGroup section */

/* Begin XCBuildConfiguration section */
		4A95096D2AF7DFAA00EA7A01 /* Debug */ = {
			isa = XCBuildConfiguration;
			buildSettings = {
				ALWAYS_SEARCH_USER_PATHS = NO;
				CLANG_ANALYZER_NONNULL = YES;
				CLANG_ANALYZER_NUMBER_OBJECT_CONVERSION = YES_AGGRESSIVE;
				CLANG_CXX_LANGUAGE_STANDARD = "gnu++20";
				CLANG_ENABLE_MODULES = YES;
				CLANG_ENABLE_OBJC_ARC = YES;
				CLANG_ENABLE_OBJC_WEAK = YES;
				CLANG_WARN_BLOCK_CAPTURE_AUTORELEASING = YES;
				CLANG_WARN_BOOL_CONVERSION = YES;
				CLANG_WARN_COMMA = YES;
				CLANG_WARN_CONSTANT_CONVERSION = YES;
				CLANG_WARN_DEPRECATED_OBJC_IMPLEMENTATIONS = YES;
				CLANG_WARN_DIRECT_OBJC_ISA_USAGE = YES_ERROR;
				CLANG_WARN_DOCUMENTATION_COMMENTS = YES;
				CLANG_WARN_EMPTY_BODY = YES;
				CLANG_WARN_ENUM_CONVERSION = YES;
				CLANG_WARN_INFINITE_RECURSION = YES;
				CLANG_WARN_INT_CONVERSION = YES;
				CLANG_WARN_NON_LITERAL_NULL_CONVERSION = YES;
				CLANG_WARN_OBJC_IMPLICIT_RETAIN_SELF = YES;
				CLANG_WARN_OBJC_LITERAL_CONVERSION = YES;
				CLANG_WARN_OBJC_ROOT_CLASS = YES_ERROR;
				CLANG_WARN_QUOTED_INCLUDE_IN_FRAMEWORK_HEADER = YES;
				CLANG_WARN_RANGE_LOOP_ANALYSIS = YES;
				CLANG_WARN_STRICT_PROTOTYPES = YES;
				CLANG_WARN_SUSPICIOUS_MOVE = YES;
				CLANG_WARN_UNGUARDED_AVAILABILITY = YES_AGGRESSIVE;
				CLANG_WARN_UNREACHABLE_CODE = YES;
				CLANG_WARN__DUPLICATE_METHOD_MATCH = YES;
				COPY_PHASE_STRIP = NO;
				DEBUG_INFORMATION_FORMAT = dwarf;
				ENABLE_STRICT_OBJC_MSGSEND = YES;
				ENABLE_TESTABILITY = YES;
				GCC_C_LANGUAGE_STANDARD = gnu11;
				GCC_DYNAMIC_NO_PIC = NO;
				GCC_NO_COMMON_BLOCKS = YES;
				GCC_OPTIMIZATION_LEVEL = 0;
				GCC_PREPROCESSOR_DEFINITIONS = (
					"DEBUG=1",
					"$(inherited)",
				);
				GCC_WARN_64_TO_32_BIT_CONVERSION = YES;
				GCC_WARN_ABOUT_RETURN_TYPE = YES_ERROR;
				GCC_WARN_UNDECLARED_SELECTOR = YES;
				GCC_WARN_UNINITIALIZED_AUTOS = YES_AGGRESSIVE;
				GCC_WARN_UNUSED_FUNCTION = YES;
				GCC_WARN_UNUSED_VARIABLE = YES;
				IPHONEOS_DEPLOYMENT_TARGET = 16.2;
				MTL_ENABLE_DEBUG_INFO = INCLUDE_SOURCE;
				MTL_FAST_MATH = YES;
				ONLY_ACTIVE_ARCH = YES;
				SDKROOT = iphoneos;
				SWIFT_ACTIVE_COMPILATION_CONDITIONS = DEBUG;
				SWIFT_OPTIMIZATION_LEVEL = "-Onone";
			};
			name = Debug;
		};
		4A95096E2AF7DFAA00EA7A01 /* Release */ = {
			isa = XCBuildConfiguration;
			buildSettings = {
				ALWAYS_SEARCH_USER_PATHS = NO;
				CLANG_ANALYZER_NONNULL = YES;
				CLANG_ANALYZER_NUMBER_OBJECT_CONVERSION = YES_AGGRESSIVE;
				CLANG_CXX_LANGUAGE_STANDARD = "gnu++20";
				CLANG_ENABLE_MODULES = YES;
				CLANG_ENABLE_OBJC_ARC = YES;
				CLANG_ENABLE_OBJC_WEAK = YES;
				CLANG_WARN_BLOCK_CAPTURE_AUTORELEASING = YES;
				CLANG_WARN_BOOL_CONVERSION = YES;
				CLANG_WARN_COMMA = YES;
				CLANG_WARN_CONSTANT_CONVERSION = YES;
				CLANG_WARN_DEPRECATED_OBJC_IMPLEMENTATIONS = YES;
				CLANG_WARN_DIRECT_OBJC_ISA_USAGE = YES_ERROR;
				CLANG_WARN_DOCUMENTATION_COMMENTS = YES;
				CLANG_WARN_EMPTY_BODY = YES;
				CLANG_WARN_ENUM_CONVERSION = YES;
				CLANG_WARN_INFINITE_RECURSION = YES;
				CLANG_WARN_INT_CONVERSION = YES;
				CLANG_WARN_NON_LITERAL_NULL_CONVERSION = YES;
				CLANG_WARN_OBJC_IMPLICIT_RETAIN_SELF = YES;
				CLANG_WARN_OBJC_LITERAL_CONVERSION = YES;
				CLANG_WARN_OBJC_ROOT_CLASS = YES_ERROR;
				CLANG_WARN_QUOTED_INCLUDE_IN_FRAMEWORK_HEADER = YES;
				CLANG_WARN_RANGE_LOOP_ANALYSIS = YES;
				CLANG_WARN_STRICT_PROTOTYPES = YES;
				CLANG_WARN_SUSPICIOUS_MOVE = YES;
				CLANG_WARN_UNGUARDED_AVAILABILITY = YES_AGGRESSIVE;
				CLANG_WARN_UNREACHABLE_CODE = YES;
				CLANG_WARN__DUPLICATE_METHOD_MATCH = YES;
				COPY_PHASE_STRIP = NO;
				DEBUG_INFORMATION_FORMAT = "dwarf-with-dsym";
				ENABLE_NS_ASSERTIONS = NO;
				ENABLE_STRICT_OBJC_MSGSEND = YES;
				GCC_C_LANGUAGE_STANDARD = gnu11;
				GCC_NO_COMMON_BLOCKS = YES;
				GCC_WARN_64_TO_32_BIT_CONVERSION = YES;
				GCC_WARN_ABOUT_RETURN_TYPE = YES_ERROR;
				GCC_WARN_UNDECLARED_SELECTOR = YES;
				GCC_WARN_UNINITIALIZED_AUTOS = YES_AGGRESSIVE;
				GCC_WARN_UNUSED_FUNCTION = YES;
				GCC_WARN_UNUSED_VARIABLE = YES;
				IPHONEOS_DEPLOYMENT_TARGET = 16.2;
				MTL_ENABLE_DEBUG_INFO = NO;
				MTL_FAST_MATH = YES;
				SDKROOT = iphoneos;
				SWIFT_COMPILATION_MODE = wholemodule;
				SWIFT_OPTIMIZATION_LEVEL = "-O";
				VALIDATE_PRODUCT = YES;
			};
			name = Release;
		};
		4A9509702AF7DFAA00EA7A01 /* Debug */ = {
			isa = XCBuildConfiguration;
			baseConfigurationReference = 8F0C177376599BAADB9ABF6D /* Pods-SearchCollectionView.debug.xcconfig */;
			buildSettings = {
				ASSETCATALOG_COMPILER_APPICON_NAME = AppIcon;
				ASSETCATALOG_COMPILER_GLOBAL_ACCENT_COLOR_NAME = AccentColor;
				CODE_SIGN_STYLE = Automatic;
				CURRENT_PROJECT_VERSION = 1;
				GENERATE_INFOPLIST_FILE = YES;
				INFOPLIST_FILE = SearchCollectionView/Info.plist;
				INFOPLIST_KEY_UIApplicationSupportsIndirectInputEvents = YES;
				INFOPLIST_KEY_UILaunchStoryboardName = LaunchScreen;
				INFOPLIST_KEY_UISupportedInterfaceOrientations_iPad = "UIInterfaceOrientationPortrait UIInterfaceOrientationPortraitUpsideDown UIInterfaceOrientationLandscapeLeft UIInterfaceOrientationLandscapeRight";
				INFOPLIST_KEY_UISupportedInterfaceOrientations_iPhone = "UIInterfaceOrientationPortrait UIInterfaceOrientationLandscapeLeft UIInterfaceOrientationLandscapeRight";
				LD_RUNPATH_SEARCH_PATHS = (
					"$(inherited)",
					"@executable_path/Frameworks",
				);
				MARKETING_VERSION = 1.0;
				PRODUCT_BUNDLE_IDENTIFIER = com.heejin.SearchCollectionView;
				PRODUCT_NAME = "$(TARGET_NAME)";
				SWIFT_EMIT_LOC_STRINGS = YES;
				SWIFT_VERSION = 5.0;
				TARGETED_DEVICE_FAMILY = "1,2";
			};
			name = Debug;
		};
		4A9509712AF7DFAA00EA7A01 /* Release */ = {
			isa = XCBuildConfiguration;
			baseConfigurationReference = 6EB34D91A5EC17A7BB1C6D91 /* Pods-SearchCollectionView.release.xcconfig */;
			buildSettings = {
				ASSETCATALOG_COMPILER_APPICON_NAME = AppIcon;
				ASSETCATALOG_COMPILER_GLOBAL_ACCENT_COLOR_NAME = AccentColor;
				CODE_SIGN_STYLE = Automatic;
				CURRENT_PROJECT_VERSION = 1;
				GENERATE_INFOPLIST_FILE = YES;
				INFOPLIST_FILE = SearchCollectionView/Info.plist;
				INFOPLIST_KEY_UIApplicationSupportsIndirectInputEvents = YES;
				INFOPLIST_KEY_UILaunchStoryboardName = LaunchScreen;
				INFOPLIST_KEY_UISupportedInterfaceOrientations_iPad = "UIInterfaceOrientationPortrait UIInterfaceOrientationPortraitUpsideDown UIInterfaceOrientationLandscapeLeft UIInterfaceOrientationLandscapeRight";
				INFOPLIST_KEY_UISupportedInterfaceOrientations_iPhone = "UIInterfaceOrientationPortrait UIInterfaceOrientationLandscapeLeft UIInterfaceOrientationLandscapeRight";
				LD_RUNPATH_SEARCH_PATHS = (
					"$(inherited)",
					"@executable_path/Frameworks",
				);
				MARKETING_VERSION = 1.0;
				PRODUCT_BUNDLE_IDENTIFIER = com.heejin.SearchCollectionView;
				PRODUCT_NAME = "$(TARGET_NAME)";
				SWIFT_EMIT_LOC_STRINGS = YES;
				SWIFT_VERSION = 5.0;
				TARGETED_DEVICE_FAMILY = "1,2";
			};
			name = Release;
		};
/* End XCBuildConfiguration section */

/* Begin XCConfigurationList section */
		4A9509562AF7DFA900EA7A01 /* Build configuration list for PBXProject "SearchCollectionView" */ = {
			isa = XCConfigurationList;
			buildConfigurations = (
				4A95096D2AF7DFAA00EA7A01 /* Debug */,
				4A95096E2AF7DFAA00EA7A01 /* Release */,
			);
			defaultConfigurationIsVisible = 0;
			defaultConfigurationName = Release;
		};
		4A95096F2AF7DFAA00EA7A01 /* Build configuration list for PBXNativeTarget "SearchCollectionView" */ = {
			isa = XCConfigurationList;
			buildConfigurations = (
				4A9509702AF7DFAA00EA7A01 /* Debug */,
				4A9509712AF7DFAA00EA7A01 /* Release */,
			);
			defaultConfigurationIsVisible = 0;
			defaultConfigurationName = Release;
		};
/* End XCConfigurationList section */
	};
	rootObject = 4A9509532AF7DFA900EA7A01 /* Project object */;
}
