// !$*UTF8*$!
{
	archiveVersion = 1;
	classes = {
	};
	objectVersion = 56;
	objects = {

/* Begin PBXBuildFile section */
		4AEAC53C2B6AA1CF00025A8C /* ImagePickerExampleApp.swift in Sources */ = {isa = PBXBuildFile; fileRef = 4AEAC53B2B6AA1CF00025A8C /* ImagePickerExampleApp.swift */; };
		4AEAC53E2B6AA1CF00025A8C /* UserProfileView.swift in Sources */ = {isa = PBXBuildFile; fileRef = 4AEAC53D2B6AA1CF00025A8C /* UserProfileView.swift */; };
		4AEAC5402B6AA1D000025A8C /* Assets.xcassets in Resources */ = {isa = PBXBuildFile; fileRef = 4AEAC53F2B6AA1D000025A8C /* Assets.xcassets */; };
		4AEAC5432B6AA1D000025A8C /* Preview Assets.xcassets in Resources */ = {isa = PBXBuildFile; fileRef = 4AEAC5422B6AA1D000025A8C /* Preview Assets.xcassets */; };
		4AEAC54A2B6AA79A00025A8C /* ImagePickerView.swift in Sources */ = {isa = PBXBuildFile; fileRef = 4AEAC5492B6AA79A00025A8C /* ImagePickerView.swift */; };
		4AEAC54C2B6AAAAF00025A8C /* UserModel.swift in Sources */ = {isa = PBXBuildFile; fileRef = 4AEAC54B2B6AAAAF00025A8C /* UserModel.swift */; };
		4AEAC54E2B6AB4F800025A8C /* RegisteredUserView.swift in Sources */ = {isa = PBXBuildFile; fileRef = 4AEAC54D2B6AB4F800025A8C /* RegisteredUserView.swift */; };
/* End PBXBuildFile section */

/* Begin PBXFileReference section */
		4AEAC5382B6AA1CF00025A8C /* ImagePickerExample.app */ = {isa = PBXFileReference; explicitFileType = wrapper.application; includeInIndex = 0; path = ImagePickerExample.app; sourceTree = BUILT_PRODUCTS_DIR; };
		4AEAC53B2B6AA1CF00025A8C /* ImagePickerExampleApp.swift */ = {isa = PBXFileReference; lastKnownFileType = sourcecode.swift; path = ImagePickerExampleApp.swift; sourceTree = "<group>"; };
		4AEAC53D2B6AA1CF00025A8C /* UserProfileView.swift */ = {isa = PBXFileReference; lastKnownFileType = sourcecode.swift; path = UserProfileView.swift; sourceTree = "<group>"; };
		4AEAC53F2B6AA1D000025A8C /* Assets.xcassets */ = {isa = PBXFileReference; lastKnownFileType = folder.assetcatalog; path = Assets.xcassets; sourceTree = "<group>"; };
		4AEAC5422B6AA1D000025A8C /* Preview Assets.xcassets */ = {isa = PBXFileReference; lastKnownFileType = folder.assetcatalog; path = "Preview Assets.xcassets"; sourceTree = "<group>"; };
		4AEAC5492B6AA79A00025A8C /* ImagePickerView.swift */ = {isa = PBXFileReference; lastKnownFileType = sourcecode.swift; path = ImagePickerView.swift; sourceTree = "<group>"; };
		4AEAC54B2B6AAAAF00025A8C /* UserModel.swift */ = {isa = PBXFileReference; lastKnownFileType = sourcecode.swift; path = UserModel.swift; sourceTree = "<group>"; };
		4AEAC54D2B6AB4F800025A8C /* RegisteredUserView.swift */ = {isa = PBXFileReference; lastKnownFileType = sourcecode.swift; path = RegisteredUserView.swift; sourceTree = "<group>"; };
/* End PBXFileReference section */

/* Begin PBXFrameworksBuildPhase section */
		4AEAC5352B6AA1CF00025A8C /* Frameworks */ = {
			isa = PBXFrameworksBuildPhase;
			buildActionMask = 2147483647;
			files = (
			);
			runOnlyForDeploymentPostprocessing = 0;
		};
/* End PBXFrameworksBuildPhase section */

/* Begin PBXGroup section */
		4AEAC52F2B6AA1CF00025A8C = {
			isa = PBXGroup;
			children = (
				4AEAC53A2B6AA1CF00025A8C /* ImagePickerExample */,
				4AEAC5392B6AA1CF00025A8C /* Products */,
			);
			sourceTree = "<group>";
		};
		4AEAC5392B6AA1CF00025A8C /* Products */ = {
			isa = PBXGroup;
			children = (
				4AEAC5382B6AA1CF00025A8C /* ImagePickerExample.app */,
			);
			name = Products;
			sourceTree = "<group>";
		};
		4AEAC53A2B6AA1CF00025A8C /* ImagePickerExample */ = {
			isa = PBXGroup;
			children = (
				4AEAC53B2B6AA1CF00025A8C /* ImagePickerExampleApp.swift */,
				4AEAC53D2B6AA1CF00025A8C /* UserProfileView.swift */,
				4AEAC54D2B6AB4F800025A8C /* RegisteredUserView.swift */,
				4AEAC5492B6AA79A00025A8C /* ImagePickerView.swift */,
				4AEAC54B2B6AAAAF00025A8C /* UserModel.swift */,
				4AEAC53F2B6AA1D000025A8C /* Assets.xcassets */,
				4AEAC5412B6AA1D000025A8C /* Preview Content */,
			);
			path = ImagePickerExample;
			sourceTree = "<group>";
		};
		4AEAC5412B6AA1D000025A8C /* Preview Content */ = {
			isa = PBXGroup;
			children = (
				4AEAC5422B6AA1D000025A8C /* Preview Assets.xcassets */,
			);
			path = "Preview Content";
			sourceTree = "<group>";
		};
/* End PBXGroup section */

/* Begin PBXNativeTarget section */
		4AEAC5372B6AA1CF00025A8C /* ImagePickerExample */ = {
			isa = PBXNativeTarget;
			buildConfigurationList = 4AEAC5462B6AA1D000025A8C /* Build configuration list for PBXNativeTarget "ImagePickerExample" */;
			buildPhases = (
				4AEAC5342B6AA1CF00025A8C /* Sources */,
				4AEAC5352B6AA1CF00025A8C /* Frameworks */,
				4AEAC5362B6AA1CF00025A8C /* Resources */,
			);
			buildRules = (
			);
			dependencies = (
			);
			name = ImagePickerExample;
			productName = ImagePickerExample;
			productReference = 4AEAC5382B6AA1CF00025A8C /* ImagePickerExample.app */;
			productType = "com.apple.product-type.application";
		};
/* End PBXNativeTarget section */

/* Begin PBXProject section */
		4AEAC5302B6AA1CF00025A8C /* Project object */ = {
			isa = PBXProject;
			attributes = {
				BuildIndependentTargetsInParallel = 1;
				LastSwiftUpdateCheck = 1420;
				LastUpgradeCheck = 1420;
				TargetAttributes = {
					4AEAC5372B6AA1CF00025A8C = {
						CreatedOnToolsVersion = 14.2;
					};
				};
			};
			buildConfigurationList = 4AEAC5332B6AA1CF00025A8C /* Build configuration list for PBXProject "ImagePickerExample" */;
			compatibilityVersion = "Xcode 14.0";
			developmentRegion = en;
			hasScannedForEncodings = 0;
			knownRegions = (
				en,
				Base,
			);
			mainGroup = 4AEAC52F2B6AA1CF00025A8C;
			productRefGroup = 4AEAC5392B6AA1CF00025A8C /* Products */;
			projectDirPath = "";
			projectRoot = "";
			targets = (
				4AEAC5372B6AA1CF00025A8C /* ImagePickerExample */,
			);
		};
/* End PBXProject section */

/* Begin PBXResourcesBuildPhase section */
		4AEAC5362B6AA1CF00025A8C /* Resources */ = {
			isa = PBXResourcesBuildPhase;
			buildActionMask = 2147483647;
			files = (
				4AEAC5432B6AA1D000025A8C /* Preview Assets.xcassets in Resources */,
				4AEAC5402B6AA1D000025A8C /* Assets.xcassets in Resources */,
			);
			runOnlyForDeploymentPostprocessing = 0;
		};
/* End PBXResourcesBuildPhase section */

/* Begin PBXSourcesBuildPhase section */
		4AEAC5342B6AA1CF00025A8C /* Sources */ = {
			isa = PBXSourcesBuildPhase;
			buildActionMask = 2147483647;
			files = (
				4AEAC53E2B6AA1CF00025A8C /* UserProfileView.swift in Sources */,
				4AEAC54E2B6AB4F800025A8C /* RegisteredUserView.swift in Sources */,
				4AEAC53C2B6AA1CF00025A8C /* ImagePickerExampleApp.swift in Sources */,
				4AEAC54C2B6AAAAF00025A8C /* UserModel.swift in Sources */,
				4AEAC54A2B6AA79A00025A8C /* ImagePickerView.swift in Sources */,
			);
			runOnlyForDeploymentPostprocessing = 0;
		};
/* End PBXSourcesBuildPhase section */

/* Begin XCBuildConfiguration section */
		4AEAC5442B6AA1D000025A8C /* Debug */ = {
			isa = XCBuildConfiguration;
			buildSettings = {
				ALWAYS_SEARCH_USER_PATHS = NO;
				CLANG_ANALYZER_NONNULL = YES;
				CLANG_ANALYZER_NUMBER_OBJECT_CONVERSION = YES_AGGRESSIVE;
				CLANG_CXX_LANGUAGE_STANDARD = "gnu++20";
				CLANG_ENABLE_MODULES = YES;
				CLANG_ENABLE_OBJC_ARC = YES;
				CLANG_ENABLE_OBJC_WEAK = YES;
				CLANG_WARN_BLOCK_CAPTURE_AUTORELEASING = YES;
				CLANG_WARN_BOOL_CONVERSION = YES;
				CLANG_WARN_COMMA = YES;
				CLANG_WARN_CONSTANT_CONVERSION = YES;
				CLANG_WARN_DEPRECATED_OBJC_IMPLEMENTATIONS = YES;
				CLANG_WARN_DIRECT_OBJC_ISA_USAGE = YES_ERROR;
				CLANG_WARN_DOCUMENTATION_COMMENTS = YES;
				CLANG_WARN_EMPTY_BODY = YES;
				CLANG_WARN_ENUM_CONVERSION = YES;
				CLANG_WARN_INFINITE_RECURSION = YES;
				CLANG_WARN_INT_CONVERSION = YES;
				CLANG_WARN_NON_LITERAL_NULL_CONVERSION = YES;
				CLANG_WARN_OBJC_IMPLICIT_RETAIN_SELF = YES;
				CLANG_WARN_OBJC_LITERAL_CONVERSION = YES;
				CLANG_WARN_OBJC_ROOT_CLASS = YES_ERROR;
				CLANG_WARN_QUOTED_INCLUDE_IN_FRAMEWORK_HEADER = YES;
				CLANG_WARN_RANGE_LOOP_ANALYSIS = YES;
				CLANG_WARN_STRICT_PROTOTYPES = YES;
				CLANG_WARN_SUSPICIOUS_MOVE = YES;
				CLANG_WARN_UNGUARDED_AVAILABILITY = YES_AGGRESSIVE;
				CLANG_WARN_UNREACHABLE_CODE = YES;
				CLANG_WARN__DUPLICATE_METHOD_MATCH = YES;
				COPY_PHASE_STRIP = NO;
				DEBUG_INFORMATION_FORMAT = dwarf;
				ENABLE_STRICT_OBJC_MSGSEND = YES;
				ENABLE_TESTABILITY = YES;
				GCC_C_LANGUAGE_STANDARD = gnu11;
				GCC_DYNAMIC_NO_PIC = NO;
				GCC_NO_COMMON_BLOCKS = YES;
				GCC_OPTIMIZATION_LEVEL = 0;
				GCC_PREPROCESSOR_DEFINITIONS = (
					"DEBUG=1",
					"$(inherited)",
				);
				GCC_WARN_64_TO_32_BIT_CONVERSION = YES;
				GCC_WARN_ABOUT_RETURN_TYPE = YES_ERROR;
				GCC_WARN_UNDECLARED_SELECTOR = YES;
				GCC_WARN_UNINITIALIZED_AUTOS = YES_AGGRESSIVE;
				GCC_WARN_UNUSED_FUNCTION = YES;
				GCC_WARN_UNUSED_VARIABLE = YES;
				IPHONEOS_DEPLOYMENT_TARGET = 16.2;
				MTL_ENABLE_DEBUG_INFO = INCLUDE_SOURCE;
				MTL_FAST_MATH = YES;
				ONLY_ACTIVE_ARCH = YES;
				SDKROOT = iphoneos;
				SWIFT_ACTIVE_COMPILATION_CONDITIONS = DEBUG;
				SWIFT_OPTIMIZATION_LEVEL = "-Onone";
			};
			name = Debug;
		};
		4AEAC5452B6AA1D000025A8C /* Release */ = {
			isa = XCBuildConfiguration;
			buildSettings = {
				ALWAYS_SEARCH_USER_PATHS = NO;
				CLANG_ANALYZER_NONNULL = YES;
				CLANG_ANALYZER_NUMBER_OBJECT_CONVERSION = YES_AGGRESSIVE;
				CLANG_CXX_LANGUAGE_STANDARD = "gnu++20";
				CLANG_ENABLE_MODULES = YES;
				CLANG_ENABLE_OBJC_ARC = YES;
				CLANG_ENABLE_OBJC_WEAK = YES;
				CLANG_WARN_BLOCK_CAPTURE_AUTORELEASING = YES;
				CLANG_WARN_BOOL_CONVERSION = YES;
				CLANG_WARN_COMMA = YES;
				CLANG_WARN_CONSTANT_CONVERSION = YES;
				CLANG_WARN_DEPRECATED_OBJC_IMPLEMENTATIONS = YES;
				CLANG_WARN_DIRECT_OBJC_ISA_USAGE = YES_ERROR;
				CLANG_WARN_DOCUMENTATION_COMMENTS = YES;
				CLANG_WARN_EMPTY_BODY = YES;
				CLANG_WARN_ENUM_CONVERSION = YES;
				CLANG_WARN_INFINITE_RECURSION = YES;
				CLANG_WARN_INT_CONVERSION = YES;
				CLANG_WARN_NON_LITERAL_NULL_CONVERSION = YES;
				CLANG_WARN_OBJC_IMPLICIT_RETAIN_SELF = YES;
				CLANG_WARN_OBJC_LITERAL_CONVERSION = YES;
				CLANG_WARN_OBJC_ROOT_CLASS = YES_ERROR;
				CLANG_WARN_QUOTED_INCLUDE_IN_FRAMEWORK_HEADER = YES;
				CLANG_WARN_RANGE_LOOP_ANALYSIS = YES;
				CLANG_WARN_STRICT_PROTOTYPES = YES;
				CLANG_WARN_SUSPICIOUS_MOVE = YES;
				CLANG_WARN_UNGUARDED_AVAILABILITY = YES_AGGRESSIVE;
				CLANG_WARN_UNREACHABLE_CODE = YES;
				CLANG_WARN__DUPLICATE_METHOD_MATCH = YES;
				COPY_PHASE_STRIP = NO;
				DEBUG_INFORMATION_FORMAT = "dwarf-with-dsym";
				ENABLE_NS_ASSERTIONS = NO;
				ENABLE_STRICT_OBJC_MSGSEND = YES;
				GCC_C_LANGUAGE_STANDARD = gnu11;
				GCC_NO_COMMON_BLOCKS = YES;
				GCC_WARN_64_TO_32_BIT_CONVERSION = YES;
				GCC_WARN_ABOUT_RETURN_TYPE = YES_ERROR;
				GCC_WARN_UNDECLARED_SELECTOR = YES;
				GCC_WARN_UNINITIALIZED_AUTOS = YES_AGGRESSIVE;
				GCC_WARN_UNUSED_FUNCTION = YES;
				GCC_WARN_UNUSED_VARIABLE = YES;
				IPHONEOS_DEPLOYMENT_TARGET = 16.2;
				MTL_ENABLE_DEBUG_INFO = NO;
				MTL_FAST_MATH = YES;
				SDKROOT = iphoneos;
				SWIFT_COMPILATION_MODE = wholemodule;
				SWIFT_OPTIMIZATION_LEVEL = "-O";
				VALIDATE_PRODUCT = YES;
			};
			name = Release;
		};
		4AEAC5472B6AA1D000025A8C /* Debug */ = {
			isa = XCBuildConfiguration;
			buildSettings = {
				ASSETCATALOG_COMPILER_APPICON_NAME = AppIcon;
				ASSETCATALOG_COMPILER_GLOBAL_ACCENT_COLOR_NAME = AccentColor;
				CODE_SIGN_STYLE = Automatic;
				CURRENT_PROJECT_VERSION = 1;
				DEVELOPMENT_ASSET_PATHS = "\"ImagePickerExample/Preview Content\"";
				ENABLE_PREVIEWS = YES;
				GENERATE_INFOPLIST_FILE = YES;
				INFOPLIST_KEY_UIApplicationSceneManifest_Generation = YES;
				INFOPLIST_KEY_UIApplicationSupportsIndirectInputEvents = YES;
				INFOPLIST_KEY_UILaunchScreen_Generation = YES;
				INFOPLIST_KEY_UISupportedInterfaceOrientations_iPad = "UIInterfaceOrientationPortrait UIInterfaceOrientationPortraitUpsideDown UIInterfaceOrientationLandscapeLeft UIInterfaceOrientationLandscapeRight";
				INFOPLIST_KEY_UISupportedInterfaceOrientations_iPhone = "UIInterfaceOrientationPortrait UIInterfaceOrientationLandscapeLeft UIInterfaceOrientationLandscapeRight";
				LD_RUNPATH_SEARCH_PATHS = (
					"$(inherited)",
					"@executable_path/Frameworks",
				);
				MARKETING_VERSION = 1.0;
				PRODUCT_BUNDLE_IDENTIFIER = com.heejin.ImagePickerExample;
				PRODUCT_NAME = "$(TARGET_NAME)";
				SWIFT_EMIT_LOC_STRINGS = YES;
				SWIFT_VERSION = 5.0;
				TARGETED_DEVICE_FAMILY = "1,2";
			};
			name = Debug;
		};
		4AEAC5482B6AA1D000025A8C /* Release */ = {
			isa = XCBuildConfiguration;
			buildSettings = {
				ASSETCATALOG_COMPILER_APPICON_NAME = AppIcon;
				ASSETCATALOG_COMPILER_GLOBAL_ACCENT_COLOR_NAME = AccentColor;
				CODE_SIGN_STYLE = Automatic;
				CURRENT_PROJECT_VERSION = 1;
				DEVELOPMENT_ASSET_PATHS = "\"ImagePickerExample/Preview Content\"";
				ENABLE_PREVIEWS = YES;
				GENERATE_INFOPLIST_FILE = YES;
				INFOPLIST_KEY_UIApplicationSceneManifest_Generation = YES;
				INFOPLIST_KEY_UIApplicationSupportsIndirectInputEvents = YES;
				INFOPLIST_KEY_UILaunchScreen_Generation = YES;
				INFOPLIST_KEY_UISupportedInterfaceOrientations_iPad = "UIInterfaceOrientationPortrait UIInterfaceOrientationPortraitUpsideDown UIInterfaceOrientationLandscapeLeft UIInterfaceOrientationLandscapeRight";
				INFOPLIST_KEY_UISupportedInterfaceOrientations_iPhone = "UIInterfaceOrientationPortrait UIInterfaceOrientationLandscapeLeft UIInterfaceOrientationLandscapeRight";
				LD_RUNPATH_SEARCH_PATHS = (
					"$(inherited)",
					"@executable_path/Frameworks",
				);
				MARKETING_VERSION = 1.0;
				PRODUCT_BUNDLE_IDENTIFIER = com.heejin.ImagePickerExample;
				PRODUCT_NAME = "$(TARGET_NAME)";
				SWIFT_EMIT_LOC_STRINGS = YES;
				SWIFT_VERSION = 5.0;
				TARGETED_DEVICE_FAMILY = "1,2";
			};
			name = Release;
		};
/* End XCBuildConfiguration section */

/* Begin XCConfigurationList section */
		4AEAC5332B6AA1CF00025A8C /* Build configuration list for PBXProject "ImagePickerExample" */ = {
			isa = XCConfigurationList;
			buildConfigurations = (
				4AEAC5442B6AA1D000025A8C /* Debug */,
				4AEAC5452B6AA1D000025A8C /* Release */,
			);
			defaultConfigurationIsVisible = 0;
			defaultConfigurationName = Release;
		};
		4AEAC5462B6AA1D000025A8C /* Build configuration list for PBXNativeTarget "ImagePickerExample" */ = {
			isa = XCConfigurationList;
			buildConfigurations = (
				4AEAC5472B6AA1D000025A8C /* Debug */,
				4AEAC5482B6AA1D000025A8C /* Release */,
			);
			defaultConfigurationIsVisible = 0;
			defaultConfigurationName = Release;
		};
/* End XCConfigurationList section */
	};
	rootObject = 4AEAC5302B6AA1CF00025A8C /* Project object */;
}
